{
  "name": "JavaFullStack",
  "lockfileVersion": 3,
  "requires": true,
  "packages": {
    "": {
      "dependencies": {
        "@huggingface/inference": "^4.5.3",
        "dotenv": "^17.2.1"
      }
    },
    "node_modules/@huggingface/inference": {
      "version": "4.5.3",
      "resolved": "https://registry.npmjs.org/@huggingface/inference/-/inference-4.5.3.tgz",
      "integrity": "sha512-SAWKT+e32jSfxwYkRaBQx1rlfgzkHCu0PXbCbOpY0Pvx6Si5wHia2BzZZdwgrpldaRbmFClxmNJy6lfCzQYfOw==",
      "license": "MIT",
      "dependencies": {
        "@huggingface/jinja": "^0.5.1",
        "@huggingface/tasks": "^0.19.26"
      },
      "engines": {
        "node": ">=18"
      }
    },
    "node_modules/@huggingface/jinja": {
      "version": "0.5.1",
      "resolved": "https://registry.npmjs.org/@huggingface/jinja/-/jinja-0.5.1.tgz",
      "integrity": "sha512-yUZLld4lrM9iFxHCwFQ7D1HW2MWMwSbeB7WzWqFYDWK+rEb+WldkLdAJxUPOmgICMHZLzZGVcVjFh3w/YGubng==",
      "license": "MIT",
      "engines": {
        "node": ">=18"
      }
    },
    "node_modules/@huggingface/tasks": {
      "version": "0.19.32",
      "resolved": "https://registry.npmjs.org/@huggingface/tasks/-/tasks-0.19.32.tgz",
      "integrity": "sha512-owciAsoG+l5DYeU+qH2m/wfRyBcrbBArIpDLC/YufHHusF4TxLD+5H7eNY32sxBCoIqqGmo3kk4bdB7ZohMtbw==",
      "license": "MIT"
    },
    "node_modules/dotenv": {
      "version": "17.2.1",
      "resolved": "https://registry.npmjs.org/dotenv/-/dotenv-17.2.1.tgz",
      "integrity": "sha512-kQhDYKZecqnM0fCnzI5eIv5L4cAe/iRI+HqMbO/hbRdTAeXDG+M9FjipUxNfbARuEg4iHIbhnhs78BCHNbSxEQ==",
      "license": "BSD-2-Clause",
      "engines": {
        "node": ">=12"
      },
      "funding": {
        "url": "https://dotenvx.com"
      }
    }
  }
}
